// !$*UTF8*$!
{
	archiveVersion = 1;
	classes = {
	};
	objectVersion = 46;
	objects = {

/* Begin PBXBuildFile section */
		D755A3881A1ED68B00116BC4 /* AppDelegate.swift in Sources */ = {isa = PBXBuildFile; fileRef = D755A3871A1ED68B00116BC4 /* AppDelegate.swift */; };
		D755A38A1A1ED68B00116BC4 /* ViewController.swift in Sources */ = {isa = PBXBuildFile; fileRef = D755A3891A1ED68B00116BC4 /* ViewController.swift */; };
		D755A38D1A1ED68B00116BC4 /* Main.storyboard in Resources */ = {isa = PBXBuildFile; fileRef = D755A38B1A1ED68B00116BC4 /* Main.storyboard */; };
		D755A38F1A1ED68B00116BC4 /* Images.xcassets in Resources */ = {isa = PBXBuildFile; fileRef = D755A38E1A1ED68B00116BC4 /* Images.xcassets */; };
		D755A3921A1ED68B00116BC4 /* LaunchScreen.xib in Resources */ = {isa = PBXBuildFile; fileRef = D755A3901A1ED68B00116BC4 /* LaunchScreen.xib */; };
		D755A39E1A1ED68B00116BC4 /* SwiftRadioTests.swift in Sources */ = {isa = PBXBuildFile; fileRef = D755A39D1A1ED68B00116BC4 /* SwiftRadioTests.swift */; };
		D755A3AB1A1ED76100116BC4 /* Radio.swift in Sources */ = {isa = PBXBuildFile; fileRef = D755A3AA1A1ED76100116BC4 /* Radio.swift */; };
/* End PBXBuildFile section */

/* Begin PBXContainerItemProxy section */
		D755A3981A1ED68B00116BC4 /* PBXContainerItemProxy */ = {
			isa = PBXContainerItemProxy;
			containerPortal = D755A37A1A1ED68B00116BC4 /* Project object */;
			proxyType = 1;
			remoteGlobalIDString = D755A3811A1ED68B00116BC4;
			remoteInfo = SwiftRadio;
		};
/* End PBXContainerItemProxy section */

/* Begin PBXFileReference section */
		D755A3821A1ED68B00116BC4 /* SwiftRadio.app */ = {isa = PBXFileReference; explicitFileType = wrapper.application; includeInIndex = 0; path = SwiftRadio.app; sourceTree = BUILT_PRODUCTS_DIR; };
		D755A3861A1ED68B00116BC4 /* Info.plist */ = {isa = PBXFileReference; lastKnownFileType = text.plist.xml; path = Info.plist; sourceTree = "<group>"; };
		D755A3871A1ED68B00116BC4 /* AppDelegate.swift */ = {isa = PBXFileReference; lastKnownFileType = sourcecode.swift; path = AppDelegate.swift; sourceTree = "<group>"; };
		D755A3891A1ED68B00116BC4 /* ViewController.swift */ = {isa = PBXFileReference; lastKnownFileType = sourcecode.swift; path = ViewController.swift; sourceTree = "<group>"; };
		D755A38C1A1ED68B00116BC4 /* Base */ = {isa = PBXFileReference; lastKnownFileType = file.storyboard; name = Base; path = Base.lproj/Main.storyboard; sourceTree = "<group>"; };
		D755A38E1A1ED68B00116BC4 /* Images.xcassets */ = {isa = PBXFileReference; lastKnownFileType = folder.assetcatalog; path = Images.xcassets; sourceTree = "<group>"; };
		D755A3911A1ED68B00116BC4 /* Base */ = {isa = PBXFileReference; lastKnownFileType = file.xib; name = Base; path = Base.lproj/LaunchScreen.xib; sourceTree = "<group>"; };
		D755A3971A1ED68B00116BC4 /* SwiftRadioTests.xctest */ = {isa = PBXFileReference; explicitFileType = wrapper.cfbundle; includeInIndex = 0; path = SwiftRadioTests.xctest; sourceTree = BUILT_PRODUCTS_DIR; };
		D755A39C1A1ED68B00116BC4 /* Info.plist */ = {isa = PBXFileReference; lastKnownFileType = text.plist.xml; path = Info.plist; sourceTree = "<group>"; };
		D755A39D1A1ED68B00116BC4 /* SwiftRadioTests.swift */ = {isa = PBXFileReference; lastKnownFileType = sourcecode.swift; path = SwiftRadioTests.swift; sourceTree = "<group>"; };
		D755A3AA1A1ED76100116BC4 /* Radio.swift */ = {isa = PBXFileReference; fileEncoding = 4; lastKnownFileType = sourcecode.swift; path = Radio.swift; sourceTree = "<group>"; };
/* End PBXFileReference section */

/* Begin PBXFrameworksBuildPhase section */
		D755A37F1A1ED68B00116BC4 /* Frameworks */ = {
			isa = PBXFrameworksBuildPhase;
			buildActionMask = 2147483647;
			files = (
			);
			runOnlyForDeploymentPostprocessing = 0;
		};
		D755A3941A1ED68B00116BC4 /* Frameworks */ = {
			isa = PBXFrameworksBuildPhase;
			buildActionMask = 2147483647;
			files = (
			);
			runOnlyForDeploymentPostprocessing = 0;
		};
/* End PBXFrameworksBuildPhase section */

/* Begin PBXGroup section */
		D755A3791A1ED68B00116BC4 = {
			isa = PBXGroup;
			children = (
				D755A3A91A1ED76100116BC4 /* Radio */,
				D755A3841A1ED68B00116BC4 /* SwiftRadio */,
				D755A39A1A1ED68B00116BC4 /* SwiftRadioTests */,
				D755A3831A1ED68B00116BC4 /* Products */,
			);
			sourceTree = "<group>";
		};
		D755A3831A1ED68B00116BC4 /* Products */ = {
			isa = PBXGroup;
			children = (
				D755A3821A1ED68B00116BC4 /* SwiftRadio.app */,
				D755A3971A1ED68B00116BC4 /* SwiftRadioTests.xctest */,
			);
			name = Products;
			sourceTree = "<group>";
		};
		D755A3841A1ED68B00116BC4 /* SwiftRadio */ = {
			isa = PBXGroup;
			children = (
				D755A3871A1ED68B00116BC4 /* AppDelegate.swift */,
				D755A3891A1ED68B00116BC4 /* ViewController.swift */,
				D755A38B1A1ED68B00116BC4 /* Main.storyboard */,
				D755A38E1A1ED68B00116BC4 /* Images.xcassets */,
				D755A3901A1ED68B00116BC4 /* LaunchScreen.xib */,
				D755A3851A1ED68B00116BC4 /* Supporting Files */,
			);
			path = SwiftRadio;
			sourceTree = "<group>";
		};
		D755A3851A1ED68B00116BC4 /* Supporting Files */ = {
			isa = PBXGroup;
			children = (
				D755A3861A1ED68B00116BC4 /* Info.plist */,
			);
			name = "Supporting Files";
			sourceTree = "<group>";
		};
		D755A39A1A1ED68B00116BC4 /* SwiftRadioTests */ = {
			isa = PBXGroup;
			children = (
				D755A39D1A1ED68B00116BC4 /* SwiftRadioTests.swift */,
				D755A39B1A1ED68B00116BC4 /* Supporting Files */,
			);
			path = SwiftRadioTests;
			sourceTree = "<group>";
		};
		D755A39B1A1ED68B00116BC4 /* Supporting Files */ = {
			isa = PBXGroup;
			children = (
				D755A39C1A1ED68B00116BC4 /* Info.plist */,
			);
			name = "Supporting Files";
			sourceTree = "<group>";
		};
		D755A3A91A1ED76100116BC4 /* Radio */ = {
			isa = PBXGroup;
			children = (
				D755A3AA1A1ED76100116BC4 /* Radio.swift */,
			);
			path = Radio;
			sourceTree = "<group>";
		};
/* End PBXGroup section */

/* Begin PBXNativeTarget section */
		D755A3811A1ED68B00116BC4 /* SwiftRadio */ = {
			isa = PBXNativeTarget;
			buildConfigurationList = D755A3A11A1ED68B00116BC4 /* Build configuration list for PBXNativeTarget "SwiftRadio" */;
			buildPhases = (
				D755A37E1A1ED68B00116BC4 /* Sources */,
				D755A37F1A1ED68B00116BC4 /* Frameworks */,
				D755A3801A1ED68B00116BC4 /* Resources */,
			);
			buildRules = (
			);
			dependencies = (
			);
			name = SwiftRadio;
			productName = SwiftRadio;
			productReference = D755A3821A1ED68B00116BC4 /* SwiftRadio.app */;
			productType = "com.apple.product-type.application";
		};
		D755A3961A1ED68B00116BC4 /* SwiftRadioTests */ = {
			isa = PBXNativeTarget;
			buildConfigurationList = D755A3A41A1ED68B00116BC4 /* Build configuration list for PBXNativeTarget "SwiftRadioTests" */;
			buildPhases = (
				D755A3931A1ED68B00116BC4 /* Sources */,
				D755A3941A1ED68B00116BC4 /* Frameworks */,
				D755A3951A1ED68B00116BC4 /* Resources */,
			);
			buildRules = (
			);
			dependencies = (
				D755A3991A1ED68B00116BC4 /* PBXTargetDependency */,
			);
			name = SwiftRadioTests;
			productName = SwiftRadioTests;
			productReference = D755A3971A1ED68B00116BC4 /* SwiftRadioTests.xctest */;
			productType = "com.apple.product-type.bundle.unit-test";
		};
/* End PBXNativeTarget section */

/* Begin PBXProject section */
		D755A37A1A1ED68B00116BC4 /* Project object */ = {
			isa = PBXProject;
			attributes = {
				LastUpgradeCheck = 0610;
				ORGANIZATIONNAME = dev;
				TargetAttributes = {
					D755A3811A1ED68B00116BC4 = {
						CreatedOnToolsVersion = 6.1;
					};
					D755A3961A1ED68B00116BC4 = {
						CreatedOnToolsVersion = 6.1;
						TestTargetID = D755A3811A1ED68B00116BC4;
					};
				};
			};
			buildConfigurationList = D755A37D1A1ED68B00116BC4 /* Build configuration list for PBXProject "SwiftRadio" */;
			compatibilityVersion = "Xcode 3.2";
			developmentRegion = English;
			hasScannedForEncodings = 0;
			knownRegions = (
				en,
				Base,
			);
			mainGroup = D755A3791A1ED68B00116BC4;
			productRefGroup = D755A3831A1ED68B00116BC4 /* Products */;
			projectDirPath = "";
			projectRoot = "";
			targets = (
				D755A3811A1ED68B00116BC4 /* SwiftRadio */,
				D755A3961A1ED68B00116BC4 /* SwiftRadioTests */,
			);
		};
/* End PBXProject section */

/* Begin PBXResourcesBuildPhase section */
		D755A3801A1ED68B00116BC4 /* Resources */ = {
			isa = PBXResourcesBuildPhase;
			buildActionMask = 2147483647;
			files = (
				D755A38D1A1ED68B00116BC4 /* Main.storyboard in Resources */,
				D755A3921A1ED68B00116BC4 /* LaunchScreen.xib in Resources */,
				D755A38F1A1ED68B00116BC4 /* Images.xcassets in Resources */,
			);
			runOnlyForDeploymentPostprocessing = 0;
		};
		D755A3951A1ED68B00116BC4 /* Resources */ = {
			isa = PBXResourcesBuildPhase;
			buildActionMask = 2147483647;
			files = (
			);
			runOnlyForDeploymentPostprocessing = 0;
		};
/* End PBXResourcesBuildPhase section */

/* Begin PBXSourcesBuildPhase section */
		D755A37E1A1ED68B00116BC4 /* Sources */ = {
			isa = PBXSourcesBuildPhase;
			buildActionMask = 2147483647;
			files = (
				D755A38A1A1ED68B00116BC4 /* ViewController.swift in Sources */,
				D755A3881A1ED68B00116BC4 /* AppDelegate.swift in Sources */,
				D755A3AB1A1ED76100116BC4 /* Radio.swift in Sources */,
			);
			runOnlyForDeploymentPostprocessing = 0;
		};
		D755A3931A1ED68B00116BC4 /* Sources */ = {
			isa = PBXSourcesBuildPhase;
			buildActionMask = 2147483647;
			files = (
				D755A39E1A1ED68B00116BC4 /* SwiftRadioTests.swift in Sources */,
			);
			runOnlyForDeploymentPostprocessing = 0;
		};
/* End PBXSourcesBuildPhase section */

/* Begin PBXTargetDependency section */
		D755A3991A1ED68B00116BC4 /* PBXTargetDependency */ = {
			isa = PBXTargetDependency;
			target = D755A3811A1ED68B00116BC4 /* SwiftRadio */;
			targetProxy = D755A3981A1ED68B00116BC4 /* PBXContainerItemProxy */;
		};
/* End PBXTargetDependency section */

/* Begin PBXVariantGroup section */
		D755A38B1A1ED68B00116BC4 /* Main.storyboard */ = {
			isa = PBXVariantGroup;
			children = (
				D755A38C1A1ED68B00116BC4 /* Base */,
			);
			name = Main.storyboard;
			sourceTree = "<group>";
		};
		D755A3901A1ED68B00116BC4 /* LaunchScreen.xib */ = {
			isa = PBXVariantGroup;
			children = (
				D755A3911A1ED68B00116BC4 /* Base */,
			);
			name = LaunchScreen.xib;
			sourceTree = "<group>";
		};
/* End PBXVariantGroup section */

/* Begin XCBuildConfiguration section */
		D755A39F1A1ED68B00116BC4 /* Debug */ = {
			isa = XCBuildConfiguration;
			buildSettings = {
				ALWAYS_SEARCH_USER_PATHS = NO;
				CLANG_CXX_LANGUAGE_STANDARD = "gnu++0x";
				CLANG_CXX_LIBRARY = "libc++";
				CLANG_ENABLE_MODULES = YES;
				CLANG_ENABLE_OBJC_ARC = YES;
				CLANG_WARN_BOOL_CONVERSION = YES;
				CLANG_WARN_CONSTANT_CONVERSION = YES;
				CLANG_WARN_DIRECT_OBJC_ISA_USAGE = YES_ERROR;
				CLANG_WARN_EMPTY_BODY = YES;
				CLANG_WARN_ENUM_CONVERSION = YES;
				CLANG_WARN_INT_CONVERSION = YES;
				CLANG_WARN_OBJC_ROOT_CLASS = YES_ERROR;
				CLANG_WARN_UNREACHABLE_CODE = YES;
				CLANG_WARN__DUPLICATE_METHOD_MATCH = YES;
				"CODE_SIGN_IDENTITY[sdk=iphoneos*]" = "iPhone Developer";
				COPY_PHASE_STRIP = NO;
				ENABLE_STRICT_OBJC_MSGSEND = YES;
				GCC_C_LANGUAGE_STANDARD = gnu99;
				GCC_DYNAMIC_NO_PIC = NO;
				GCC_OPTIMIZATION_LEVEL = 0;
				GCC_PREPROCESSOR_DEFINITIONS = (
					"DEBUG=1",
					"$(inherited)",
				);
				GCC_SYMBOLS_PRIVATE_EXTERN = NO;
				GCC_WARN_64_TO_32_BIT_CONVERSION = YES;
				GCC_WARN_ABOUT_RETURN_TYPE = YES_ERROR;
				GCC_WARN_UNDECLARED_SELECTOR = YES;
				GCC_WARN_UNINITIALIZED_AUTOS = YES_AGGRESSIVE;
				GCC_WARN_UNUSED_FUNCTION = YES;
				GCC_WARN_UNUSED_VARIABLE = YES;
				IPHONEOS_DEPLOYMENT_TARGET = 8.1;
				MTL_ENABLE_DEBUG_INFO = YES;
				ONLY_ACTIVE_ARCH = YES;
				SDKROOT = iphoneos;
				SWIFT_OPTIMIZATION_LEVEL = "-Onone";
				TARGETED_DEVICE_FAMILY = "1,2";
			};
			name = Debug;
		};
		D755A3A01A1ED68B00116BC4 /* Release */ = {
			isa = XCBuildConfiguration;
			buildSettings = {
				ALWAYS_SEARCH_USER_PATHS = NO;
				CLANG_CXX_LANGUAGE_STANDARD = "gnu++0x";
				CLANG_CXX_LIBRARY = "libc++";
				CLANG_ENABLE_MODULES = YES;
				CLANG_ENABLE_OBJC_ARC = YES;
				CLANG_WARN_BOOL_CONVERSION = YES;
				CLANG_WARN_CONSTANT_CONVERSION = YES;
				CLANG_WARN_DIRECT_OBJC_ISA_USAGE = YES_ERROR;
				CLANG_WARN_EMPTY_BODY = YES;
				CLANG_WARN_ENUM_CONVERSION = YES;
				CLANG_WARN_INT_CONVERSION = YES;
				CLANG_WARN_OBJC_ROOT_CLASS = YES_ERROR;
				CLANG_WARN_UNREACHABLE_CODE = YES;
				CLANG_WARN__DUPLICATE_METHOD_MATCH = YES;
				"CODE_SIGN_IDENTITY[sdk=iphoneos*]" = "iPhone Developer";
				COPY_PHASE_STRIP = YES;
				ENABLE_NS_ASSERTIONS = NO;
				ENABLE_STRICT_OBJC_MSGSEND = YES;
				GCC_C_LANGUAGE_STANDARD = gnu99;
				GCC_WARN_64_TO_32_BIT_CONVERSION = YES;
				GCC_WARN_ABOUT_RETURN_TYPE = YES_ERROR;
				GCC_WARN_UNDECLARED_SELECTOR = YES;
				GCC_WARN_UNINITIALIZED_AUTOS = YES_AGGRESSIVE;
				GCC_WARN_UNUSED_FUNCTION = YES;
				GCC_WARN_UNUSED_VARIABLE = YES;
				IPHONEOS_DEPLOYMENT_TARGET = 8.1;
				MTL_ENABLE_DEBUG_INFO = NO;
				SDKROOT = iphoneos;
				TARGETED_DEVICE_FAMILY = "1,2";
				VALIDATE_PRODUCT = YES;
			};
			name = Release;
		};
		D755A3A21A1ED68B00116BC4 /* Debug */ = {
			isa = XCBuildConfiguration;
			buildSettings = {
				ASSETCATALOG_COMPILER_APPICON_NAME = AppIcon;
				INFOPLIST_FILE = SwiftRadio/Info.plist;
				LD_RUNPATH_SEARCH_PATHS = "$(inherited) @executable_path/Frameworks";
				PRODUCT_NAME = "$(TARGET_NAME)";
			};
			name = Debug;
		};
		D755A3A31A1ED68B00116BC4 /* Release */ = {
			isa = XCBuildConfiguration;
			buildSettings = {
				ASSETCATALOG_COMPILER_APPICON_NAME = AppIcon;
				INFOPLIST_FILE = SwiftRadio/Info.plist;
				LD_RUNPATH_SEARCH_PATHS = "$(inherited) @executable_path/Frameworks";
				PRODUCT_NAME = "$(TARGET_NAME)";
			};
			name = Release;
		};
		D755A3A51A1ED68B00116BC4 /* Debug */ = {
			isa = XCBuildConfiguration;
			buildSettings = {
				BUNDLE_LOADER = "$(TEST_HOST)";
				FRAMEWORK_SEARCH_PATHS = (
					"$(SDKROOT)/Developer/Library/Frameworks",
					"$(inherited)",
				);
				GCC_PREPROCESSOR_DEFINITIONS = (
					"DEBUG=1",
					"$(inherited)",
				);
				INFOPLIST_FILE = SwiftRadioTests/Info.plist;
				LD_RUNPATH_SEARCH_PATHS = "$(inherited) @executable_path/Frameworks @loader_path/Frameworks";
				PRODUCT_NAME = "$(TARGET_NAME)";
				TEST_HOST = "$(BUILT_PRODUCTS_DIR)/SwiftRadio.app/SwiftRadio";
			};
			name = Debug;
		};
		D755A3A61A1ED68B00116BC4 /* Release */ = {
			isa = XCBuildConfiguration;
			buildSettings = {
				BUNDLE_LOADER = "$(TEST_HOST)";
				FRAMEWORK_SEARCH_PATHS = (
					"$(SDKROOT)/Developer/Library/Frameworks",
					"$(inherited)",
				);
				INFOPLIST_FILE = SwiftRadioTests/Info.plist;
				LD_RUNPATH_SEARCH_PATHS = "$(inherited) @executable_path/Frameworks @loader_path/Frameworks";
				PRODUCT_NAME = "$(TARGET_NAME)";
				TEST_HOST = "$(BUILT_PRODUCTS_DIR)/SwiftRadio.app/SwiftRadio";
			};
			name = Release;
		};
/* End XCBuildConfiguration section */

/* Begin XCConfigurationList section */
		D755A37D1A1ED68B00116BC4 /* Build configuration list for PBXProject "SwiftRadio" */ = {
			isa = XCConfigurationList;
			buildConfigurations = (
				D755A39F1A1ED68B00116BC4 /* Debug */,
				D755A3A01A1ED68B00116BC4 /* Release */,
			);
			defaultConfigurationIsVisible = 0;
			defaultConfigurationName = Release;
		};
		D755A3A11A1ED68B00116BC4 /* Build configuration list for PBXNativeTarget "SwiftRadio" */ = {
			isa = XCConfigurationList;
			buildConfigurations = (
				D755A3A21A1ED68B00116BC4 /* Debug */,
				D755A3A31A1ED68B00116BC4 /* Release */,
			);
			defaultConfigurationIsVisible = 0;
		};
		D755A3A41A1ED68B00116BC4 /* Build configuration list for PBXNativeTarget "SwiftRadioTests" */ = {
			isa = XCConfigurationList;
			buildConfigurations = (
				D755A3A51A1ED68B00116BC4 /* Debug */,
				D755A3A61A1ED68B00116BC4 /* Release */,
			);
			defaultConfigurationIsVisible = 0;
		};
/* End XCConfigurationList section */
	};
	rootObject = D755A37A1A1ED68B00116BC4 /* Project object */;
}
